
Microsoft Visual Studio Solution File, Format Version 12.00
# Visual Studio 15
VisualStudioVersion = 15.0.28010.2019
MinimumVisualStudioVersion = 10.0.40219.1
Project("{FAE04EC0-301F-11D3-BF4B-00C04F79EFBC}") = "KeytorcTest", "KeytorcTest\KeytorcTest.csproj", "{A696A6C1-574F-4BE1-B1E7-F281F6A2A987}"
EndProject
Global
	GlobalSection(SolutionConfigurationPlatforms) = preSolution
		Debug|Any CPU = Debug|Any CPU
		Release|Any CPU = Release|Any CPU
	EndGlobalSection
	GlobalSection(ProjectConfigurationPlatforms) = postSolution
		{A696A6C1-574F-4BE1-B1E7-F281F6A2A987}.Debug|Any CPU.ActiveCfg = Debug|Any CPU
		{A696A6C1-574F-4BE1-B1E7-F281F6A2A987}.Debug|Any CPU.Build.0 = Debug|Any CPU
		{A696A6C1-574F-4BE1-B1E7-F281F6A2A987}.Release|Any CPU.ActiveCfg = Release|Any CPU
		{A696A6C1-574F-4BE1-B1E7-F281F6A2A987}.Release|Any CPU.Build.0 = Release|Any CPU
	EndGlobalSection
	GlobalSection(SolutionProperties) = preSolution
		HideSolutionNode = FALSE
	EndGlobalSection
	GlobalSection(ExtensibilityGlobals) = postSolution
		SolutionGuid = {EA05E474-0981-4133-9906-2091D76396DE}
	EndGlobalSection
EndGlobal
